
Microsoft Visual Studio Solution File, Format Version 12.00
# Visual Studio Version 16
VisualStudioVersion = 16.0.30523.141
MinimumVisualStudioVersion = 10.0.40219.1
Project("{FAE04EC0-301F-11D3-BF4B-00C04F79EFBC}") = "Grpc Client", "Grpc Client\Grpc Client.csproj", "{0E99FDE5-3322-4115-8EB9-D52DB7834561}"
EndProject
Global
	GlobalSection(SolutionConfigurationPlatforms) = preSolution
		Debug|Any CPU = Debug|Any CPU
		Release|Any CPU = Release|Any CPU
	EndGlobalSection
	GlobalSection(ProjectConfigurationPlatforms) = postSolution
		{0E99FDE5-3322-4115-8EB9-D52DB7834561}.Debug|Any CPU.ActiveCfg = Debug|Any CPU
		{0E99FDE5-3322-4115-8EB9-D52DB7834561}.Debug|Any CPU.Build.0 = Debug|Any CPU
		{0E99FDE5-3322-4115-8EB9-D52DB7834561}.Release|Any CPU.ActiveCfg = Release|Any CPU
		{0E99FDE5-3322-4115-8EB9-D52DB7834561}.Release|Any CPU.Build.0 = Release|Any CPU
	EndGlobalSection
	GlobalSection(SolutionProperties) = preSolution
		HideSolutionNode = FALSE
	EndGlobalSection
	GlobalSection(ExtensibilityGlobals) = postSolution
		SolutionGuid = {669860F4-82CB-4E72-B453-CCDDEC162F65}
	EndGlobalSection
EndGlobal
